// !$*UTF8*$!
{
	archiveVersion = 1;
	classes = {
	};
	objectVersion = 46;
	objects = {

/* Begin PBXBuildFile section */
		131C445F1CF078C1007C3D23 /* StubsReader.swift in Sources */ = {isa = PBXBuildFile; fileRef = 131C445E1CF078C1007C3D23 /* StubsReader.swift */; };
		131C44631CF0793C007C3D23 /* StubsConstants.swift in Sources */ = {isa = PBXBuildFile; fileRef = 131C44621CF0793C007C3D23 /* StubsConstants.swift */; };
		131C44661CF07A5C007C3D23 /* FirstFormStub.json in Resources */ = {isa = PBXBuildFile; fileRef = 131C44651CF07A5C007C3D23 /* FirstFormStub.json */; };
		131C44691CF07FF5007C3D23 /* FormTableViewController.swift in Sources */ = {isa = PBXBuildFile; fileRef = 131C44681CF07FF5007C3D23 /* FormTableViewController.swift */; };
		131C44711CF08184007C3D23 /* TextFieldTableViewCell.swift in Sources */ = {isa = PBXBuildFile; fileRef = 131C446F1CF08184007C3D23 /* TextFieldTableViewCell.swift */; };
		131C44721CF08184007C3D23 /* TextFieldTableViewCell.xib in Resources */ = {isa = PBXBuildFile; fileRef = 131C44701CF08184007C3D23 /* TextFieldTableViewCell.xib */; };
		131C44751CF08204007C3D23 /* FirstCellObject.swift in Sources */ = {isa = PBXBuildFile; fileRef = 131C44741CF08204007C3D23 /* FirstCellObject.swift */; };
		13888D281CF0763300DBD85B /* AppDelegate.swift in Sources */ = {isa = PBXBuildFile; fileRef = 13888D271CF0763300DBD85B /* AppDelegate.swift */; };
		13888D2A1CF0763300DBD85B /* ViewController.swift in Sources */ = {isa = PBXBuildFile; fileRef = 13888D291CF0763300DBD85B /* ViewController.swift */; };
		13888D2D1CF0763300DBD85B /* Main.storyboard in Resources */ = {isa = PBXBuildFile; fileRef = 13888D2B1CF0763300DBD85B /* Main.storyboard */; };
		13888D2F1CF0763300DBD85B /* Assets.xcassets in Resources */ = {isa = PBXBuildFile; fileRef = 13888D2E1CF0763300DBD85B /* Assets.xcassets */; };
		13888D321CF0763300DBD85B /* LaunchScreen.storyboard in Resources */ = {isa = PBXBuildFile; fileRef = 13888D301CF0763300DBD85B /* LaunchScreen.storyboard */; };
		71CC2872F9ACCBD93A567DFC /* Pods.framework in Frameworks */ = {isa = PBXBuildFile; fileRef = CE2F35334F57EA16FD86EC40 /* Pods.framework */; };
/* End PBXBuildFile section */

/* Begin PBXFileReference section */
		131C445E1CF078C1007C3D23 /* StubsReader.swift */ = {isa = PBXFileReference; fileEncoding = 4; lastKnownFileType = sourcecode.swift; path = StubsReader.swift; sourceTree = "<group>"; };
		131C44621CF0793C007C3D23 /* StubsConstants.swift */ = {isa = PBXFileReference; fileEncoding = 4; lastKnownFileType = sourcecode.swift; path = StubsConstants.swift; sourceTree = "<group>"; };
		131C44651CF07A5C007C3D23 /* FirstFormStub.json */ = {isa = PBXFileReference; fileEncoding = 4; lastKnownFileType = text.json; path = FirstFormStub.json; sourceTree = "<group>"; };
		131C44681CF07FF5007C3D23 /* FormTableViewController.swift */ = {isa = PBXFileReference; fileEncoding = 4; lastKnownFileType = sourcecode.swift; path = FormTableViewController.swift; sourceTree = "<group>"; };
		131C446F1CF08184007C3D23 /* TextFieldTableViewCell.swift */ = {isa = PBXFileReference; fileEncoding = 4; lastKnownFileType = sourcecode.swift; path = TextFieldTableViewCell.swift; sourceTree = "<group>"; };
		131C44701CF08184007C3D23 /* TextFieldTableViewCell.xib */ = {isa = PBXFileReference; fileEncoding = 4; lastKnownFileType = file.xib; path = TextFieldTableViewCell.xib; sourceTree = "<group>"; };
		131C44741CF08204007C3D23 /* FirstCellObject.swift */ = {isa = PBXFileReference; fileEncoding = 4; lastKnownFileType = sourcecode.swift; path = FirstCellObject.swift; sourceTree = "<group>"; };
		13888D241CF0763300DBD85B /* sampleFormGenerator.app */ = {isa = PBXFileReference; explicitFileType = wrapper.application; includeInIndex = 0; path = sampleFormGenerator.app; sourceTree = BUILT_PRODUCTS_DIR; };
		13888D271CF0763300DBD85B /* AppDelegate.swift */ = {isa = PBXFileReference; lastKnownFileType = sourcecode.swift; path = AppDelegate.swift; sourceTree = "<group>"; };
		13888D291CF0763300DBD85B /* ViewController.swift */ = {isa = PBXFileReference; lastKnownFileType = sourcecode.swift; path = ViewController.swift; sourceTree = "<group>"; };
		13888D2C1CF0763300DBD85B /* Base */ = {isa = PBXFileReference; lastKnownFileType = file.storyboard; name = Base; path = Base.lproj/Main.storyboard; sourceTree = "<group>"; };
		13888D2E1CF0763300DBD85B /* Assets.xcassets */ = {isa = PBXFileReference; lastKnownFileType = folder.assetcatalog; path = Assets.xcassets; sourceTree = "<group>"; };
		13888D311CF0763300DBD85B /* Base */ = {isa = PBXFileReference; lastKnownFileType = file.storyboard; name = Base; path = Base.lproj/LaunchScreen.storyboard; sourceTree = "<group>"; };
		13888D331CF0763300DBD85B /* Info.plist */ = {isa = PBXFileReference; lastKnownFileType = text.plist.xml; path = Info.plist; sourceTree = "<group>"; };
		CE2F35334F57EA16FD86EC40 /* Pods.framework */ = {isa = PBXFileReference; explicitFileType = wrapper.framework; includeInIndex = 0; path = Pods.framework; sourceTree = BUILT_PRODUCTS_DIR; };
		EC75A7F9173712E570DF6D63 /* Pods.debug.xcconfig */ = {isa = PBXFileReference; includeInIndex = 1; lastKnownFileType = text.xcconfig; name = Pods.debug.xcconfig; path = "Pods/Target Support Files/Pods/Pods.debug.xcconfig"; sourceTree = "<group>"; };
		FB2454AC450EED3CDE7B1A7E /* Pods.release.xcconfig */ = {isa = PBXFileReference; includeInIndex = 1; lastKnownFileType = text.xcconfig; name = Pods.release.xcconfig; path = "Pods/Target Support Files/Pods/Pods.release.xcconfig"; sourceTree = "<group>"; };
/* End PBXFileReference section */

/* Begin PBXFrameworksBuildPhase section */
		13888D211CF0763300DBD85B /* Frameworks */ = {
			isa = PBXFrameworksBuildPhase;
			buildActionMask = 2147483647;
			files = (
				71CC2872F9ACCBD93A567DFC /* Pods.framework in Frameworks */,
			);
			runOnlyForDeploymentPostprocessing = 0;
		};
/* End PBXFrameworksBuildPhase section */

/* Begin PBXGroup section */
		1189ACF4A415A5A216540C30 /* Pods */ = {
			isa = PBXGroup;
			children = (
				EC75A7F9173712E570DF6D63 /* Pods.debug.xcconfig */,
				FB2454AC450EED3CDE7B1A7E /* Pods.release.xcconfig */,
			);
			name = Pods;
			sourceTree = "<group>";
		};
		131C445D1CF0785E007C3D23 /* formGenerator */ = {
			isa = PBXGroup;
			children = (
				131C44731CF081CA007C3D23 /* Objects */,
				131C446A1CF08040007C3D23 /* Cells */,
				131C44671CF07FBB007C3D23 /* TableViewControllers */,
				131C44641CF079F1007C3D23 /* Stubs */,
				131C44611CF0791B007C3D23 /* Constants */,
				131C44601CF07911007C3D23 /* Readers */,
			);
			name = formGenerator;
			sourceTree = "<group>";
		};
		131C44601CF07911007C3D23 /* Readers */ = {
			isa = PBXGroup;
			children = (
				131C445E1CF078C1007C3D23 /* StubsReader.swift */,
			);
			name = Readers;
			sourceTree = "<group>";
		};
		131C44611CF0791B007C3D23 /* Constants */ = {
			isa = PBXGroup;
			children = (
				131C44621CF0793C007C3D23 /* StubsConstants.swift */,
			);
			name = Constants;
			sourceTree = "<group>";
		};
		131C44641CF079F1007C3D23 /* Stubs */ = {
			isa = PBXGroup;
			children = (
				131C44651CF07A5C007C3D23 /* FirstFormStub.json */,
			);
			name = Stubs;
			sourceTree = "<group>";
		};
		131C44671CF07FBB007C3D23 /* TableViewControllers */ = {
			isa = PBXGroup;
			children = (
				131C44681CF07FF5007C3D23 /* FormTableViewController.swift */,
			);
			name = TableViewControllers;
			sourceTree = "<group>";
		};
		131C446A1CF08040007C3D23 /* Cells */ = {
			isa = PBXGroup;
			children = (
				131C446F1CF08184007C3D23 /* TextFieldTableViewCell.swift */,
				131C44701CF08184007C3D23 /* TextFieldTableViewCell.xib */,
			);
			name = Cells;
			sourceTree = "<group>";
		};
		131C44731CF081CA007C3D23 /* Objects */ = {
			isa = PBXGroup;
			children = (
				131C44741CF08204007C3D23 /* FirstCellObject.swift */,
			);
			name = Objects;
			sourceTree = "<group>";
		};
		13888D1B1CF0763300DBD85B = {
			isa = PBXGroup;
			children = (
				13888D261CF0763300DBD85B /* sampleFormGenerator */,
				13888D251CF0763300DBD85B /* Products */,
				1189ACF4A415A5A216540C30 /* Pods */,
				4967959CA7C4210FEBD60D18 /* Frameworks */,
			);
			sourceTree = "<group>";
		};
		13888D251CF0763300DBD85B /* Products */ = {
			isa = PBXGroup;
			children = (
				13888D241CF0763300DBD85B /* sampleFormGenerator.app */,
			);
			name = Products;
			sourceTree = "<group>";
		};
		13888D261CF0763300DBD85B /* sampleFormGenerator */ = {
			isa = PBXGroup;
			children = (
				131C445D1CF0785E007C3D23 /* formGenerator */,
				13888D271CF0763300DBD85B /* AppDelegate.swift */,
				13888D291CF0763300DBD85B /* ViewController.swift */,
				13888D2B1CF0763300DBD85B /* Main.storyboard */,
				13888D2E1CF0763300DBD85B /* Assets.xcassets */,
				13888D301CF0763300DBD85B /* LaunchScreen.storyboard */,
				13888D331CF0763300DBD85B /* Info.plist */,
			);
			path = sampleFormGenerator;
			sourceTree = "<group>";
		};
		4967959CA7C4210FEBD60D18 /* Frameworks */ = {
			isa = PBXGroup;
			children = (
				CE2F35334F57EA16FD86EC40 /* Pods.framework */,
			);
			name = Frameworks;
			sourceTree = "<group>";
		};
/* End PBXGroup section */

/* Begin PBXNativeTarget section */
		13888D231CF0763300DBD85B /* sampleFormGenerator */ = {
			isa = PBXNativeTarget;
			buildConfigurationList = 13888D361CF0763300DBD85B /* Build configuration list for PBXNativeTarget "sampleFormGenerator" */;
			buildPhases = (
				EDE434B6ADCEE1D4C3AF9E95 /* Check Pods Manifest.lock */,
				13888D201CF0763300DBD85B /* Sources */,
				13888D211CF0763300DBD85B /* Frameworks */,
				13888D221CF0763300DBD85B /* Resources */,
				905CBD35A8F4FF3F7F55DCBD /* Embed Pods Frameworks */,
				0F7E51761398B46F40A441A3 /* Copy Pods Resources */,
			);
			buildRules = (
			);
			dependencies = (
			);
			name = sampleFormGenerator;
			productName = sampleFormGenerator;
			productReference = 13888D241CF0763300DBD85B /* sampleFormGenerator.app */;
			productType = "com.apple.product-type.application";
		};
/* End PBXNativeTarget section */

/* Begin PBXProject section */
		13888D1C1CF0763300DBD85B /* Project object */ = {
			isa = PBXProject;
			attributes = {
				LastSwiftUpdateCheck = 0730;
				LastUpgradeCheck = 0730;
				ORGANIZATIONNAME = "julien gimenez";
				TargetAttributes = {
					13888D231CF0763300DBD85B = {
						CreatedOnToolsVersion = 7.3.1;
					};
				};
			};
			buildConfigurationList = 13888D1F1CF0763300DBD85B /* Build configuration list for PBXProject "sampleFormGenerator" */;
			compatibilityVersion = "Xcode 3.2";
			developmentRegion = English;
			hasScannedForEncodings = 0;
			knownRegions = (
				en,
				Base,
			);
			mainGroup = 13888D1B1CF0763300DBD85B;
			productRefGroup = 13888D251CF0763300DBD85B /* Products */;
			projectDirPath = "";
			projectRoot = "";
			targets = (
				13888D231CF0763300DBD85B /* sampleFormGenerator */,
			);
		};
/* End PBXProject section */

/* Begin PBXResourcesBuildPhase section */
		13888D221CF0763300DBD85B /* Resources */ = {
			isa = PBXResourcesBuildPhase;
			buildActionMask = 2147483647;
			files = (
				131C44661CF07A5C007C3D23 /* FirstFormStub.json in Resources */,
				13888D321CF0763300DBD85B /* LaunchScreen.storyboard in Resources */,
				131C44721CF08184007C3D23 /* TextFieldTableViewCell.xib in Resources */,
				13888D2F1CF0763300DBD85B /* Assets.xcassets in Resources */,
				13888D2D1CF0763300DBD85B /* Main.storyboard in Resources */,
			);
			runOnlyForDeploymentPostprocessing = 0;
		};
/* End PBXResourcesBuildPhase section */

/* Begin PBXShellScriptBuildPhase section */
		0F7E51761398B46F40A441A3 /* Copy Pods Resources */ = {
			isa = PBXShellScriptBuildPhase;
			buildActionMask = 2147483647;
			files = (
			);
			inputPaths = (
			);
			name = "Copy Pods Resources";
			outputPaths = (
			);
			runOnlyForDeploymentPostprocessing = 0;
			shellPath = /bin/sh;
			shellScript = "\"${SRCROOT}/Pods/Target Support Files/Pods/Pods-resources.sh\"\n";
			showEnvVarsInLog = 0;
		};
		905CBD35A8F4FF3F7F55DCBD /* Embed Pods Frameworks */ = {
			isa = PBXShellScriptBuildPhase;
			buildActionMask = 2147483647;
			files = (
			);
			inputPaths = (
			);
			name = "Embed Pods Frameworks";
			outputPaths = (
			);
			runOnlyForDeploymentPostprocessing = 0;
			shellPath = /bin/sh;
			shellScript = "\"${SRCROOT}/Pods/Target Support Files/Pods/Pods-frameworks.sh\"\n";
			showEnvVarsInLog = 0;
		};
		EDE434B6ADCEE1D4C3AF9E95 /* Check Pods Manifest.lock */ = {
			isa = PBXShellScriptBuildPhase;
			buildActionMask = 2147483647;
			files = (
			);
			inputPaths = (
			);
			name = "Check Pods Manifest.lock";
			outputPaths = (
			);
			runOnlyForDeploymentPostprocessing = 0;
			shellPath = /bin/sh;
			shellScript = "diff \"${PODS_ROOT}/../Podfile.lock\" \"${PODS_ROOT}/Manifest.lock\" > /dev/null\nif [[ $? != 0 ]] ; then\n    cat << EOM\nerror: The sandbox is not in sync with the Podfile.lock. Run 'pod install' or update your CocoaPods installation.\nEOM\n    exit 1\nfi\n";
			showEnvVarsInLog = 0;
		};
/* End PBXShellScriptBuildPhase section */

/* Begin PBXSourcesBuildPhase section */
		13888D201CF0763300DBD85B /* Sources */ = {
			isa = PBXSourcesBuildPhase;
			buildActionMask = 2147483647;
			files = (
				131C445F1CF078C1007C3D23 /* StubsReader.swift in Sources */,
				131C44691CF07FF5007C3D23 /* FormTableViewController.swift in Sources */,
				131C44631CF0793C007C3D23 /* StubsConstants.swift in Sources */,
				131C44711CF08184007C3D23 /* TextFieldTableViewCell.swift in Sources */,
				13888D2A1CF0763300DBD85B /* ViewController.swift in Sources */,
				13888D281CF0763300DBD85B /* AppDelegate.swift in Sources */,
				131C44751CF08204007C3D23 /* FirstCellObject.swift in Sources */,
			);
			runOnlyForDeploymentPostprocessing = 0;
		};
/* End PBXSourcesBuildPhase section */

/* Begin PBXVariantGroup section */
		13888D2B1CF0763300DBD85B /* Main.storyboard */ = {
			isa = PBXVariantGroup;
			children = (
				13888D2C1CF0763300DBD85B /* Base */,
			);
			name = Main.storyboard;
			sourceTree = "<group>";
		};
		13888D301CF0763300DBD85B /* LaunchScreen.storyboard */ = {
			isa = PBXVariantGroup;
			children = (
				13888D311CF0763300DBD85B /* Base */,
			);
			name = LaunchScreen.storyboard;
			sourceTree = "<group>";
		};
/* End PBXVariantGroup section */

/* Begin XCBuildConfiguration section */
		13888D341CF0763300DBD85B /* Debug */ = {
			isa = XCBuildConfiguration;
			buildSettings = {
				ALWAYS_SEARCH_USER_PATHS = NO;
				CLANG_ANALYZER_NONNULL = YES;
				CLANG_CXX_LANGUAGE_STANDARD = "gnu++0x";
				CLANG_CXX_LIBRARY = "libc++";
				CLANG_ENABLE_MODULES = YES;
				CLANG_ENABLE_OBJC_ARC = YES;
				CLANG_WARN_BOOL_CONVERSION = YES;
				CLANG_WARN_CONSTANT_CONVERSION = YES;
				CLANG_WARN_DIRECT_OBJC_ISA_USAGE = YES_ERROR;
				CLANG_WARN_EMPTY_BODY = YES;
				CLANG_WARN_ENUM_CONVERSION = YES;
				CLANG_WARN_INT_CONVERSION = YES;
				CLANG_WARN_OBJC_ROOT_CLASS = YES_ERROR;
				CLANG_WARN_UNREACHABLE_CODE = YES;
				CLANG_WARN__DUPLICATE_METHOD_MATCH = YES;
				"CODE_SIGN_IDENTITY[sdk=iphoneos*]" = "iPhone Developer";
				COPY_PHASE_STRIP = NO;
				DEBUG_INFORMATION_FORMAT = dwarf;
				ENABLE_STRICT_OBJC_MSGSEND = YES;
				ENABLE_TESTABILITY = YES;
				GCC_C_LANGUAGE_STANDARD = gnu99;
				GCC_DYNAMIC_NO_PIC = NO;
				GCC_NO_COMMON_BLOCKS = YES;
				GCC_OPTIMIZATION_LEVEL = 0;
				GCC_PREPROCESSOR_DEFINITIONS = (
					"DEBUG=1",
					"$(inherited)",
				);
				GCC_WARN_64_TO_32_BIT_CONVERSION = YES;
				GCC_WARN_ABOUT_RETURN_TYPE = YES_ERROR;
				GCC_WARN_UNDECLARED_SELECTOR = YES;
				GCC_WARN_UNINITIALIZED_AUTOS = YES_AGGRESSIVE;
				GCC_WARN_UNUSED_FUNCTION = YES;
				GCC_WARN_UNUSED_VARIABLE = YES;
				IPHONEOS_DEPLOYMENT_TARGET = 9.3;
				MTL_ENABLE_DEBUG_INFO = YES;
				ONLY_ACTIVE_ARCH = YES;
				SDKROOT = iphoneos;
				SWIFT_OPTIMIZATION_LEVEL = "-Onone";
			};
			name = Debug;
		};
		13888D351CF0763300DBD85B /* Release */ = {
			isa = XCBuildConfiguration;
			buildSettings = {
				ALWAYS_SEARCH_USER_PATHS = NO;
				CLANG_ANALYZER_NONNULL = YES;
				CLANG_CXX_LANGUAGE_STANDARD = "gnu++0x";
				CLANG_CXX_LIBRARY = "libc++";
				CLANG_ENABLE_MODULES = YES;
				CLANG_ENABLE_OBJC_ARC = YES;
				CLANG_WARN_BOOL_CONVERSION = YES;
				CLANG_WARN_CONSTANT_CONVERSION = YES;
				CLANG_WARN_DIRECT_OBJC_ISA_USAGE = YES_ERROR;
				CLANG_WARN_EMPTY_BODY = YES;
				CLANG_WARN_ENUM_CONVERSION = YES;
				CLANG_WARN_INT_CONVERSION = YES;
				CLANG_WARN_OBJC_ROOT_CLASS = YES_ERROR;
				CLANG_WARN_UNREACHABLE_CODE = YES;
				CLANG_WARN__DUPLICATE_METHOD_MATCH = YES;
				"CODE_SIGN_IDENTITY[sdk=iphoneos*]" = "iPhone Developer";
				COPY_PHASE_STRIP = NO;
				DEBUG_INFORMATION_FORMAT = "dwarf-with-dsym";
				ENABLE_NS_ASSERTIONS = NO;
				ENABLE_STRICT_OBJC_MSGSEND = YES;
				GCC_C_LANGUAGE_STANDARD = gnu99;
				GCC_NO_COMMON_BLOCKS = YES;
				GCC_WARN_64_TO_32_BIT_CONVERSION = YES;
				GCC_WARN_ABOUT_RETURN_TYPE = YES_ERROR;
				GCC_WARN_UNDECLARED_SELECTOR = YES;
				GCC_WARN_UNINITIALIZED_AUTOS = YES_AGGRESSIVE;
				GCC_WARN_UNUSED_FUNCTION = YES;
				GCC_WARN_UNUSED_VARIABLE = YES;
				IPHONEOS_DEPLOYMENT_TARGET = 9.3;
				MTL_ENABLE_DEBUG_INFO = NO;
				SDKROOT = iphoneos;
				VALIDATE_PRODUCT = YES;
			};
			name = Release;
		};
		13888D371CF0763300DBD85B /* Debug */ = {
			isa = XCBuildConfiguration;
			baseConfigurationReference = EC75A7F9173712E570DF6D63 /* Pods.debug.xcconfig */;
			buildSettings = {
				ASSETCATALOG_COMPILER_APPICON_NAME = AppIcon;
				INFOPLIST_FILE = sampleFormGenerator/Info.plist;
				IPHONEOS_DEPLOYMENT_TARGET = 8.3;
				LD_RUNPATH_SEARCH_PATHS = "$(inherited) @executable_path/Frameworks";
				PRODUCT_BUNDLE_IDENTIFIER = julieng38.sampleFormGenerator;
				PRODUCT_NAME = "$(TARGET_NAME)";
			};
			name = Debug;
		};
		13888D381CF0763300DBD85B /* Release */ = {
			isa = XCBuildConfiguration;
			baseConfigurationReference = FB2454AC450EED3CDE7B1A7E /* Pods.release.xcconfig */;
			buildSettings = {
				ASSETCATALOG_COMPILER_APPICON_NAME = AppIcon;
				INFOPLIST_FILE = sampleFormGenerator/Info.plist;
				IPHONEOS_DEPLOYMENT_TARGET = 8.3;
				LD_RUNPATH_SEARCH_PATHS = "$(inherited) @executable_path/Frameworks";
				PRODUCT_BUNDLE_IDENTIFIER = julieng38.sampleFormGenerator;
				PRODUCT_NAME = "$(TARGET_NAME)";
			};
			name = Release;
		};
/* End XCBuildConfiguration section */

/* Begin XCConfigurationList section */
		13888D1F1CF0763300DBD85B /* Build configuration list for PBXProject "sampleFormGenerator" */ = {
			isa = XCConfigurationList;
			buildConfigurations = (
				13888D341CF0763300DBD85B /* Debug */,
				13888D351CF0763300DBD85B /* Release */,
			);
			defaultConfigurationIsVisible = 0;
			defaultConfigurationName = Release;
		};
		13888D361CF0763300DBD85B /* Build configuration list for PBXNativeTarget "sampleFormGenerator" */ = {
			isa = XCConfigurationList;
			buildConfigurations = (
				13888D371CF0763300DBD85B /* Debug */,
				13888D381CF0763300DBD85B /* Release */,
			);
			defaultConfigurationIsVisible = 0;
			defaultConfigurationName = Release;
		};
/* End XCConfigurationList section */
	};
	rootObject = 13888D1C1CF0763300DBD85B /* Project object */;
}
